#MicroXplorer Configuration settings - do not modify
ADC1.Channel-14\#ChannelRegularConversion=ADC_CHANNEL_5
ADC1.Channel-15\#ChannelRegularConversion=ADC_CHANNEL_5
ADC1.Channel-16\#ChannelRegularConversion=ADC_CHANNEL_5
ADC1.Channel-17\#ChannelRegularConversion=ADC_CHANNEL_5
ADC1.Channel-18\#ChannelRegularConversion=ADC_CHANNEL_5
ADC1.Channel-19\#ChannelRegularConversion=ADC_CHANNEL_5
ADC1.Channel-20\#ChannelRegularConversion=ADC_CHANNEL_5
ADC1.Channel-21\#ChannelRegularConversion=ADC_CHANNEL_5
ADC1.Channel-22\#ChannelRegularConversion=ADC_CHANNEL_5
ADC1.Channel-23\#ChannelRegularConversion=ADC_CHANNEL_5
ADC1.Channel-24\#ChannelRegularConversion=ADC_CHANNEL_5
ADC1.Channel-25\#ChannelRegularConversion=ADC_CHANNEL_5
ADC1.Channel-26\#ChannelRegularConversion=ADC_CHANNEL_5
ADC1.Channel-27\#ChannelRegularConversion=ADC_CHANNEL_5
ADC1.Channel-28\#ChannelRegularConversion=ADC_CHANNEL_5
ADC1.Channel-29\#ChannelRegularConversion=ADC_CHANNEL_5
ADC1.ContinuousConvMode=ENABLE
ADC1.IPParameters=Rank-14\#ChannelRegularConversion,master,Channel-14\#ChannelRegularConversion,SamplingTime-14\#ChannelRegularConversion,NbrOfConversionFlag,Rank-15\#ChannelRegularConversion,Channel-15\#ChannelRegularConversion,SamplingTime-15\#ChannelRegularConversion,Rank-16\#ChannelRegularConversion,Channel-16\#ChannelRegularConversion,SamplingTime-16\#ChannelRegularConversion,Rank-17\#ChannelRegularConversion,Channel-17\#ChannelRegularConversion,SamplingTime-17\#ChannelRegularConversion,Rank-18\#ChannelRegularConversion,Channel-18\#ChannelRegularConversion,SamplingTime-18\#ChannelRegularConversion,Rank-19\#ChannelRegularConversion,Channel-19\#ChannelRegularConversion,SamplingTime-19\#ChannelRegularConversion,Rank-20\#ChannelRegularConversion,Channel-20\#ChannelRegularConversion,SamplingTime-20\#ChannelRegularConversion,Rank-21\#ChannelRegularConversion,Channel-21\#ChannelRegularConversion,SamplingTime-21\#ChannelRegularConversion,Rank-22\#ChannelRegularConversion,Channel-22\#ChannelRegularConversion,SamplingTime-22\#ChannelRegularConversion,Rank-23\#ChannelRegularConversion,Channel-23\#ChannelRegularConversion,SamplingTime-23\#ChannelRegularConversion,Rank-24\#ChannelRegularConversion,Channel-24\#ChannelRegularConversion,SamplingTime-24\#ChannelRegularConversion,Rank-25\#ChannelRegularConversion,Channel-25\#ChannelRegularConversion,SamplingTime-25\#ChannelRegularConversion,Rank-26\#ChannelRegularConversion,Channel-26\#ChannelRegularConversion,SamplingTime-26\#ChannelRegularConversion,Rank-27\#ChannelRegularConversion,Channel-27\#ChannelRegularConversion,SamplingTime-27\#ChannelRegularConversion,Rank-28\#ChannelRegularConversion,Channel-28\#ChannelRegularConversion,SamplingTime-28\#ChannelRegularConversion,Rank-29\#ChannelRegularConversion,Channel-29\#ChannelRegularConversion,SamplingTime-29\#ChannelRegularConversion,NbrOfConversion,ContinuousConvMode
ADC1.NbrOfConversion=16
ADC1.NbrOfConversionFlag=1
ADC1.Rank-14\#ChannelRegularConversion=1
ADC1.Rank-15\#ChannelRegularConversion=2
ADC1.Rank-16\#ChannelRegularConversion=3
ADC1.Rank-17\#ChannelRegularConversion=4
ADC1.Rank-18\#ChannelRegularConversion=5
ADC1.Rank-19\#ChannelRegularConversion=6
ADC1.Rank-20\#ChannelRegularConversion=7
ADC1.Rank-21\#ChannelRegularConversion=8
ADC1.Rank-22\#ChannelRegularConversion=9
ADC1.Rank-23\#ChannelRegularConversion=10
ADC1.Rank-24\#ChannelRegularConversion=11
ADC1.Rank-25\#ChannelRegularConversion=12
ADC1.Rank-26\#ChannelRegularConversion=13
ADC1.Rank-27\#ChannelRegularConversion=14
ADC1.Rank-28\#ChannelRegularConversion=15
ADC1.Rank-29\#ChannelRegularConversion=16
ADC1.SamplingTime-14\#ChannelRegularConversion=ADC_SAMPLETIME_3CYCLES
ADC1.SamplingTime-15\#ChannelRegularConversion=ADC_SAMPLETIME_3CYCLES
ADC1.SamplingTime-16\#ChannelRegularConversion=ADC_SAMPLETIME_3CYCLES
ADC1.SamplingTime-17\#ChannelRegularConversion=ADC_SAMPLETIME_3CYCLES
ADC1.SamplingTime-18\#ChannelRegularConversion=ADC_SAMPLETIME_3CYCLES
ADC1.SamplingTime-19\#ChannelRegularConversion=ADC_SAMPLETIME_3CYCLES
ADC1.SamplingTime-20\#ChannelRegularConversion=ADC_SAMPLETIME_3CYCLES
ADC1.SamplingTime-21\#ChannelRegularConversion=ADC_SAMPLETIME_3CYCLES
ADC1.SamplingTime-22\#ChannelRegularConversion=ADC_SAMPLETIME_3CYCLES
ADC1.SamplingTime-23\#ChannelRegularConversion=ADC_SAMPLETIME_3CYCLES
ADC1.SamplingTime-24\#ChannelRegularConversion=ADC_SAMPLETIME_3CYCLES
ADC1.SamplingTime-25\#ChannelRegularConversion=ADC_SAMPLETIME_3CYCLES
ADC1.SamplingTime-26\#ChannelRegularConversion=ADC_SAMPLETIME_3CYCLES
ADC1.SamplingTime-27\#ChannelRegularConversion=ADC_SAMPLETIME_3CYCLES
ADC1.SamplingTime-28\#ChannelRegularConversion=ADC_SAMPLETIME_3CYCLES
ADC1.SamplingTime-29\#ChannelRegularConversion=ADC_SAMPLETIME_3CYCLES
ADC1.master=1
Dma.Request0=USART1_RX
Dma.Request1=USART1_TX
Dma.RequestsNb=2
Dma.USART1_RX.0.Direction=DMA_PERIPH_TO_MEMORY
Dma.USART1_RX.0.FIFOMode=DMA_FIFOMODE_DISABLE
Dma.USART1_RX.0.Instance=DMA2_Stream2
Dma.USART1_RX.0.MemDataAlignment=DMA_MDATAALIGN_BYTE
Dma.USART1_RX.0.MemInc=DMA_MINC_ENABLE
Dma.USART1_RX.0.Mode=DMA_NORMAL
Dma.USART1_RX.0.PeriphDataAlignment=DMA_PDATAALIGN_BYTE
Dma.USART1_RX.0.PeriphInc=DMA_PINC_DISABLE
Dma.USART1_RX.0.Priority=DMA_PRIORITY_VERY_HIGH
Dma.USART1_RX.0.RequestParameters=Instance,Direction,PeriphInc,MemInc,PeriphDataAlignment,MemDataAlignment,Mode,Priority,FIFOMode
Dma.USART1_TX.1.Direction=DMA_MEMORY_TO_PERIPH
Dma.USART1_TX.1.FIFOMode=DMA_FIFOMODE_DISABLE
Dma.USART1_TX.1.Instance=DMA2_Stream7
Dma.USART1_TX.1.MemDataAlignment=DMA_MDATAALIGN_BYTE
Dma.USART1_TX.1.MemInc=DMA_MINC_ENABLE
Dma.USART1_TX.1.Mode=DMA_NORMAL
Dma.USART1_TX.1.PeriphDataAlignment=DMA_PDATAALIGN_BYTE
Dma.USART1_TX.1.PeriphInc=DMA_PINC_DISABLE
Dma.USART1_TX.1.Priority=DMA_PRIORITY_VERY_HIGH
Dma.USART1_TX.1.RequestParameters=Instance,Direction,PeriphInc,MemInc,PeriphDataAlignment,MemDataAlignment,Mode,Priority,FIFOMode
File.Version=6
GPIO.groupedBy=Group By Peripherals
KeepUserPlacement=false
Mcu.Family=STM32F4
Mcu.IP0=ADC1
Mcu.IP1=DMA
Mcu.IP10=USART1
Mcu.IP11=USB_DEVICE
Mcu.IP12=USB_OTG_FS
Mcu.IP2=I2C1
Mcu.IP3=NVIC
Mcu.IP4=RCC
Mcu.IP5=RTC
Mcu.IP6=SYS
Mcu.IP7=TIM1
Mcu.IP8=TIM2
Mcu.IP9=TIM3
Mcu.IPNb=13
Mcu.Name=STM32F401C(B-C)Ux
Mcu.Package=UFQFPN48
Mcu.Pin0=PC13-ANTI_TAMP
Mcu.Pin1=PC14-OSC32_IN
Mcu.Pin10=PB13
Mcu.Pin11=PB14
Mcu.Pin12=PB15
Mcu.Pin13=PA9
Mcu.Pin14=PA10
Mcu.Pin15=PA11
Mcu.Pin16=PA12
Mcu.Pin17=PB3
Mcu.Pin18=PB6
Mcu.Pin19=PB7
Mcu.Pin2=PC15-OSC32_OUT
Mcu.Pin20=VP_RTC_VS_RTC_Activate
Mcu.Pin21=VP_SYS_VS_Systick
Mcu.Pin22=VP_TIM1_VS_ClockSourceINT
Mcu.Pin23=VP_TIM2_VS_ClockSourceINT
Mcu.Pin24=VP_USB_DEVICE_VS_USB_DEVICE_MSC_FS
Mcu.Pin3=PH0 - OSC_IN
Mcu.Pin4=PH1 - OSC_OUT
Mcu.Pin5=PA5
Mcu.Pin6=PA6
Mcu.Pin7=PB2
Mcu.Pin8=PB10
Mcu.Pin9=PB12
Mcu.PinsNb=25
Mcu.ThirdPartyNb=0
Mcu.UserConstants=
Mcu.UserName=STM32F401CCUx
MxCube.Version=6.3.0
MxDb.Version=DB.6.0.30
NVIC.BusFault_IRQn=true\:0\:0\:false\:false\:true\:false\:false
NVIC.DMA2_Stream2_IRQn=true\:0\:0\:false\:false\:true\:false\:true
NVIC.DMA2_Stream7_IRQn=true\:0\:0\:false\:false\:true\:false\:true
NVIC.DebugMonitor_IRQn=true\:0\:0\:false\:false\:true\:false\:false
NVIC.EXTI3_IRQn=true\:0\:0\:false\:false\:true\:true\:true
NVIC.ForceEnableDMAVector=true
NVIC.HardFault_IRQn=true\:0\:0\:false\:false\:true\:false\:false
NVIC.MemoryManagement_IRQn=true\:0\:0\:false\:false\:true\:false\:false
NVIC.NonMaskableInt_IRQn=true\:0\:0\:false\:false\:true\:false\:false
NVIC.OTG_FS_IRQn=true\:0\:0\:false\:false\:true\:false\:true
NVIC.PendSV_IRQn=true\:0\:0\:false\:false\:true\:false\:false
NVIC.PriorityGroup=NVIC_PRIORITYGROUP_4
NVIC.SVCall_IRQn=true\:0\:0\:false\:false\:true\:false\:false
NVIC.SysTick_IRQn=true\:15\:0\:false\:false\:true\:false\:true
NVIC.TIM2_IRQn=true\:0\:0\:false\:false\:true\:true\:true
NVIC.USART1_IRQn=true\:0\:0\:false\:false\:true\:true\:true
NVIC.UsageFault_IRQn=true\:0\:0\:false\:false\:true\:false\:false
PA10.GPIOParameters=GPIO_ModeDefaultPP
PA10.GPIO_ModeDefaultPP=GPIO_MODE_AF_PP
PA10.Mode=Asynchronous
PA10.Signal=USART1_RX
PA11.Mode=Device_Only
PA11.Signal=USB_OTG_FS_DM
PA12.Mode=Device_Only
PA12.Signal=USB_OTG_FS_DP
PA5.Signal=ADCx_IN5
PA6.Signal=S_TIM3_CH1
PA9.GPIOParameters=GPIO_ModeDefaultPP
PA9.GPIO_ModeDefaultPP=GPIO_MODE_AF_OD
PA9.Mode=Asynchronous
PA9.Signal=USART1_TX
PB10.GPIOParameters=GPIO_PuPd
PB10.GPIO_PuPd=GPIO_PULLDOWN
PB10.Locked=true
PB10.Signal=GPXTI10
PB12.GPIOParameters=GPIO_PuPd
PB12.GPIO_PuPd=GPIO_PULLDOWN
PB12.Locked=true
PB12.Signal=GPXTI12
PB13.GPIOParameters=GPIO_PuPd
PB13.GPIO_PuPd=GPIO_PULLDOWN
PB13.Locked=true
PB13.Signal=GPXTI13
PB14.GPIOParameters=GPIO_ModeDefaultPP
PB14.GPIO_ModeDefaultPP=GPIO_MODE_AF_OD
PB14.Locked=true
PB14.Mode=PWM Generation2 CH2N
PB14.Signal=TIM1_CH2N
PB15.GPIOParameters=GPIO_ModeDefaultPP
PB15.GPIO_ModeDefaultPP=GPIO_MODE_AF_OD
PB15.Locked=true
PB15.Mode=PWM Generation3 CH3N
PB15.Signal=TIM1_CH3N
PB2.GPIOParameters=GPIO_PuPd
PB2.GPIO_PuPd=GPIO_PULLDOWN
PB2.Locked=true
PB2.Signal=GPXTI2
PB3.GPIOParameters=GPIO_PuPd,GPIO_ModeDefaultEXTI
PB3.GPIO_ModeDefaultEXTI=GPIO_MODE_IT_RISING
PB3.GPIO_PuPd=GPIO_PULLUP
PB3.Locked=true
PB3.Signal=GPXTI3
PB6.GPIOParameters=GPIO_Pu
PB6.GPIO_Pu=GPIO_PULLUP
PB6.Mode=I2C
PB6.Signal=I2C1_SCL
PB7.GPIOParameters=GPIO_Pu
PB7.GPIO_Pu=GPIO_PULLUP
PB7.Mode=I2C
PB7.Signal=I2C1_SDA
PC13-ANTI_TAMP.Locked=true
PC13-ANTI_TAMP.Signal=GPIO_Output
PC14-OSC32_IN.Mode=LSE-External-Oscillator
PC14-OSC32_IN.Signal=RCC_OSC32_IN
PC15-OSC32_OUT.Mode=LSE-External-Oscillator
PC15-OSC32_OUT.Signal=RCC_OSC32_OUT
PH0\ -\ OSC_IN.Mode=HSE-External-Oscillator
PH0\ -\ OSC_IN.Signal=RCC_OSC_IN
PH1\ -\ OSC_OUT.Mode=HSE-External-Oscillator
PH1\ -\ OSC_OUT.Signal=RCC_OSC_OUT
PinOutPanel.RotationAngle=0
ProjectManager.AskForMigrate=true
ProjectManager.BackupPrevious=false
ProjectManager.CompilerOptimize=6
ProjectManager.ComputerToolchain=false
ProjectManager.CoupleFile=false
ProjectManager.CustomerFirmwarePackage=
ProjectManager.DefaultFWLocation=true
ProjectManager.DeletePrevious=true
ProjectManager.DeviceId=STM32F401CCUx
ProjectManager.FirmwarePackage=STM32Cube FW_F4 V1.26.2
ProjectManager.FreePins=false
ProjectManager.HalAssertFull=false
ProjectManager.HeapSize=0x200
ProjectManager.KeepUserCode=true
ProjectManager.LastFirmware=true
ProjectManager.LibraryCopy=1
ProjectManager.MainLocation=Core/Src
ProjectManager.NoMain=false
ProjectManager.PreviousToolchain=SW4STM32
ProjectManager.ProjectBuild=false
ProjectManager.ProjectFileName=bicycle.ioc
ProjectManager.ProjectName=bicycle
ProjectManager.RegisterCallBack=
ProjectManager.StackSize=0x400
ProjectManager.TargetToolchain=SW4STM32
ProjectManager.ToolChainLocation=
ProjectManager.UnderRoot=true
ProjectManager.functionlistsort=1-MX_GPIO_Init-GPIO-false-HAL-true,2-SystemClock_Config-RCC-false-HAL-false,3-MX_I2C1_Init-I2C1-false-HAL-true,4-MX_USB_DEVICE_Init-USB_DEVICE-false-HAL-false,5-MX_TIM1_Init-TIM1-false-HAL-true,6-MX_TIM2_Init-TIM2-false-HAL-true,7-MX_ADC1_Init-ADC1-false-HAL-true,8-MX_DMA_Init-DMA-false-HAL-true,9-MX_USART1_UART_Init-USART1-false-HAL-true,10-MX_TIM3_Init-TIM3-false-HAL-true,11-MX_RTC_Init-RTC-false-HAL-true
RCC.48MHZClocksFreq_Value=48000000
RCC.AHBFreq_Value=25000000
RCC.APB1CLKDivider=RCC_HCLK_DIV2
RCC.APB1Freq_Value=12500000
RCC.APB1TimFreq_Value=25000000
RCC.APB2Freq_Value=25000000
RCC.APB2TimFreq_Value=25000000
RCC.CortexFreq_Value=25000000
RCC.FCLKCortexFreq_Value=25000000
RCC.HCLKFreq_Value=25000000
RCC.HSE_VALUE=25000000
RCC.HSI_VALUE=16000000
RCC.I2SClocksFreq_Value=96000000
RCC.IPParameters=48MHZClocksFreq_Value,AHBFreq_Value,APB1CLKDivider,APB1Freq_Value,APB1TimFreq_Value,APB2Freq_Value,APB2TimFreq_Value,CortexFreq_Value,FCLKCortexFreq_Value,HCLKFreq_Value,HSE_VALUE,HSI_VALUE,I2SClocksFreq_Value,LSI_VALUE,PLLCLKFreq_Value,PLLM,PLLP,PLLQCLKFreq_Value,RCC_RTC_Clock_Source,RCC_RTC_Clock_SourceVirtual,RTCFreq_Value,RTCHSEDivFreq_Value,SYSCLKFreq_VALUE,SYSCLKSource,VCOI2SOutputFreq_Value,VCOInputFreq_Value,VCOOutputFreq_Value,VcooutputI2S
RCC.LSI_VALUE=32000
RCC.PLLCLKFreq_Value=48000000
RCC.PLLM=25
RCC.PLLP=RCC_PLLP_DIV4
RCC.PLLQCLKFreq_Value=48000000
RCC.RCC_RTC_Clock_Source=RCC_RTCCLKSOURCE_LSE
RCC.RCC_RTC_Clock_SourceVirtual=RCC_RTCCLKSOURCE_LSE
RCC.RTCFreq_Value=32768
RCC.RTCHSEDivFreq_Value=12500000
RCC.SYSCLKFreq_VALUE=25000000
RCC.SYSCLKSource=RCC_SYSCLKSOURCE_HSE
RCC.VCOI2SOutputFreq_Value=192000000
RCC.VCOInputFreq_Value=1000000
RCC.VCOOutputFreq_Value=192000000
RCC.VcooutputI2S=96000000
SH.ADCx_IN5.0=ADC1_IN5,IN5
SH.ADCx_IN5.ConfNb=1
SH.GPXTI10.0=GPIO_EXTI10
SH.GPXTI10.ConfNb=1
SH.GPXTI12.0=GPIO_EXTI12
SH.GPXTI12.ConfNb=1
SH.GPXTI13.0=GPIO_EXTI13
SH.GPXTI13.ConfNb=1
SH.GPXTI2.0=GPIO_EXTI2
SH.GPXTI2.ConfNb=1
SH.GPXTI3.0=GPIO_EXTI3
SH.GPXTI3.ConfNb=1
SH.S_TIM3_CH1.0=TIM3_CH1,PWM Generation1 CH1
SH.S_TIM3_CH1.ConfNb=1
TIM1.AutoReloadPreload=TIM_AUTORELOAD_PRELOAD_DISABLE
TIM1.Channel-PWM\ Generation2\ CH2N=TIM_CHANNEL_2
TIM1.Channel-PWM\ Generation3\ CH3N=TIM_CHANNEL_3
TIM1.IPParameters=Prescaler,Period,AutoReloadPreload,Channel-PWM Generation3 CH3N,Channel-PWM Generation2 CH2N
TIM1.Period=1000-1
TIM1.Prescaler=50-1
TIM2.IPParameters=Prescaler,Period
TIM2.Period=250-1
TIM2.Prescaler=25000-1
TIM3.Channel-PWM\ Generation1\ CH1=TIM_CHANNEL_1
TIM3.IPParameters=Channel-PWM Generation1 CH1
USART1.BaudRate=9600
USART1.IPParameters=VirtualMode,BaudRate
USART1.VirtualMode=VM_ASYNC
USB_DEVICE.CLASS_NAME_FS=MSC
USB_DEVICE.IPParameters=VirtualMode,VirtualModeFS,CLASS_NAME_FS
USB_DEVICE.VirtualMode=Msc
USB_DEVICE.VirtualModeFS=Msc_FS
USB_OTG_FS.IPParameters=VirtualMode
USB_OTG_FS.VirtualMode=Device_Only
VP_RTC_VS_RTC_Activate.Mode=RTC_Enabled
VP_RTC_VS_RTC_Activate.Signal=RTC_VS_RTC_Activate
VP_SYS_VS_Systick.Mode=SysTick
VP_SYS_VS_Systick.Signal=SYS_VS_Systick
VP_TIM1_VS_ClockSourceINT.Mode=Internal
VP_TIM1_VS_ClockSourceINT.Signal=TIM1_VS_ClockSourceINT
VP_TIM2_VS_ClockSourceINT.Mode=Internal
VP_TIM2_VS_ClockSourceINT.Signal=TIM2_VS_ClockSourceINT
VP_USB_DEVICE_VS_USB_DEVICE_MSC_FS.Mode=MSC_FS
VP_USB_DEVICE_VS_USB_DEVICE_MSC_FS.Signal=USB_DEVICE_VS_USB_DEVICE_MSC_FS
board=custom
